Microsoft Visual Studio Solution File, Format Version 12.00
# Visual Studio Version 17
VisualStudioVersion = 17.10.35027.167
MinimumVisualStudioVersion = 10.0.40219.1
Project("{9A19103F-16F7-4668-BE54-9A1E7A4F7556}") = "WoRe.Core", "src\WoRe.Core\WoRe.Core.csproj", "{3E931B70-1B8F-43EB-8230-7DD827063997}"
EndProject
Project("{9A19103F-16F7-4668-BE54-9A1E7A4F7556}") = "WoRe.UI", "src\WoRe.UI\WoRe.UI.csproj", "{154279E3-F66B-43C1-94AD-4A9631DD3787}"
EndProject
Global
	GlobalSection(ExtensibilityGlobals) = postSolution
		SolutionGuid = {7141A9A7-4A34-41F3-96F8-8A2AC0C98234}
	EndGlobalSection
	GlobalSection(ProjectConfigurationPlatforms) = postSolution
		{154279E3-F66B-43C1-94AD-4A9631DD3787}.Debug|Any CPU.ActiveCfg = Debug|Any CPU
		{154279E3-F66B-43C1-94AD-4A9631DD3787}.Debug|Any CPU.Build.0 = Debug|Any CPU
		{154279E3-F66B-43C1-94AD-4A9631DD3787}.Debug|Any CPU.Deploy.0 = Debug|Any CPU
		{154279E3-F66B-43C1-94AD-4A9631DD3787}.Release|Any CPU.ActiveCfg = Release|Any CPU
		{154279E3-F66B-43C1-94AD-4A9631DD3787}.Release|Any CPU.Build.0 = Release|Any CPU
		{154279E3-F66B-43C1-94AD-4A9631DD3787}.Release|Any CPU.Deploy.0 = Release|Any CPU
		{3E931B70-1B8F-43EB-8230-7DD827063997}.Debug|Any CPU.ActiveCfg = Debug|Any CPU
		{3E931B70-1B8F-43EB-8230-7DD827063997}.Debug|Any CPU.Build.0 = Debug|Any CPU
		{3E931B70-1B8F-43EB-8230-7DD827063997}.Release|Any CPU.ActiveCfg = Release|Any CPU
		{3E931B70-1B8F-43EB-8230-7DD827063997}.Release|Any CPU.Build.0 = Release|Any CPU
	EndGlobalSection
	GlobalSection(SolutionConfigurationPlatforms) = preSolution
		Debug|Any CPU = Debug|Any CPU
		Release|Any CPU = Release|Any CPU
	EndGlobalSection
	GlobalSection(SolutionProperties) = preSolution
		HideSolutionNode = FALSE
	EndGlobalSection
EndGlobal
